
Microsoft Visual Studio Solution File, Format Version 12.00
Project("{2150E333-8FDC-42A3-9474-1A3956D46DE8}") = "src", "src", "{96014E1D-D6FA-4A9D-AB4A-834B900FFCA1}"
EndProject
Project("{FAE04EC0-301F-11D3-BF4B-00C04F79EFBC}") = "GoodsReseller.Api", "src\GoodsReseller.Api\GoodsReseller.Api.csproj", "{ADA76D08-98DF-4511-B7AA-CD9C1D924476}"
EndProject
Project("{FAE04EC0-301F-11D3-BF4B-00C04F79EFBC}") = "GoodsReseller.AuthContext.Contracts", "src\GoodsReseller.AuthContext.Contracts\GoodsReseller.AuthContext.Contracts.csproj", "{69E19996-6ACB-4903-BC03-6C6BD7AF96BC}"
EndProject
Project("{FAE04EC0-301F-11D3-BF4B-00C04F79EFBC}") = "GoodsReseller.AuthContext.Domain", "src\GoodsReseller.AuthContext.Domain\GoodsReseller.AuthContext.Domain.csproj", "{98B61A46-5021-454E-86B9-65A1C28A6764}"
EndProject
Project("{FAE04EC0-301F-11D3-BF4B-00C04F79EFBC}") = "GoodsReseller.AuthContext.Handlers", "src\GoodsReseller.AuthContext.Handlers\GoodsReseller.AuthContext.Handlers.csproj", "{85C7A0E5-7F44-418C-BC15-EA1C33C0EB5B}"
EndProject
Project("{FAE04EC0-301F-11D3-BF4B-00C04F79EFBC}") = "GoodsReseller.DataCatalogContext.Contracts", "src\GoodsReseller.DataCatalogContext.Contracts\GoodsReseller.DataCatalogContext.Contracts.csproj", "{42B3C317-1678-4229-B2D0-C3E89E1FA4D2}"
EndProject
Project("{FAE04EC0-301F-11D3-BF4B-00C04F79EFBC}") = "GoodsReseller.Infrastructure", "src\GoodsReseller.Infrastructure\GoodsReseller.Infrastructure.csproj", "{46228A88-CC6E-4428-B4EB-F04D09DECD2F}"
EndProject
Project("{FAE04EC0-301F-11D3-BF4B-00C04F79EFBC}") = "GoodsReseller.SeedWork", "src\GoodsReseller.SeedWork\GoodsReseller.SeedWork.csproj", "{24CA069E-81D5-4E87-B182-71AE463C6787}"
EndProject
Project("{FAE04EC0-301F-11D3-BF4B-00C04F79EFBC}") = "GoodsReseller.OrderContext.Handlers", "src\GoodsReseller.OrderContext.Handlers\GoodsReseller.OrderContext.Handlers.csproj", "{4464FDB3-478F-42EE-95AA-137E67DF1FF2}"
EndProject
Project("{FAE04EC0-301F-11D3-BF4B-00C04F79EFBC}") = "GoodsReseller.OrderContext.Domain", "src\GoodsReseller.OrderContext.Domain\GoodsReseller.OrderContext.Domain.csproj", "{5C1913E6-4E28-4FCD-9F30-D079BFA769EC}"
EndProject
Project("{FAE04EC0-301F-11D3-BF4B-00C04F79EFBC}") = "GoodsReseller.OrderContext.Contracts", "src\GoodsReseller.OrderContext.Contracts\GoodsReseller.OrderContext.Contracts.csproj", "{4F25AD7B-0D34-45B4-8008-1C3BDDD5C19A}"
EndProject
Project("{FAE04EC0-301F-11D3-BF4B-00C04F79EFBC}") = "GoodsReseller.DataCatalogContext.Handlers", "src\GoodsReseller.DataCatalogContext.Handlers\GoodsReseller.DataCatalogContext.Handlers.csproj", "{B8D641DA-AD4D-495E-BB0B-AA859C92FDB0}"
EndProject
Project("{FAE04EC0-301F-11D3-BF4B-00C04F79EFBC}") = "GoodsReseller.DataCatalogContext.Models", "src\GoodsReseller.DataCatalogContext.Models\GoodsReseller.DataCatalogContext.Models.csproj", "{CD6B591B-037B-489B-B475-901AB360A8D4}"
EndProject
Project("{FAE04EC0-301F-11D3-BF4B-00C04F79EFBC}") = "GoodsReseller.SupplyContext.Contracts", "src\GoodsReseller.SupplyContext.Contracts\GoodsReseller.SupplyContext.Contracts.csproj", "{749EFAA4-FAC8-4261-B2A8-60AE2CBAC6CE}"
EndProject
Project("{FAE04EC0-301F-11D3-BF4B-00C04F79EFBC}") = "GoodsReseller.SupplyContext.Domain", "src\GoodsReseller.SupplyContext.Domain\GoodsReseller.SupplyContext.Domain.csproj", "{276D95A1-F6A1-42D6-9B34-A047269FEC91}"
EndProject
Project("{FAE04EC0-301F-11D3-BF4B-00C04F79EFBC}") = "GoodsReseller.SupplyContext.Handlers", "src\GoodsReseller.SupplyContext.Handlers\GoodsReseller.SupplyContext.Handlers.csproj", "{80FFF821-AE8B-45BE-8AA0-4F065503ED82}"
EndProject
Project("{FAE04EC0-301F-11D3-BF4B-00C04F79EFBC}") = "GoodsReseller.Statistics", "src\GoodsReseller.Statistics\GoodsReseller.Statistics.csproj", "{72AB1655-E9A7-4A07-B212-C17FDA5680C8}"
EndProject
Project("{FAE04EC0-301F-11D3-BF4B-00C04F79EFBC}") = "GoodsReseller.NotificationContext", "src\GoodsReseller.NotificationContext\GoodsReseller.NotificationContext.csproj", "{6755417C-824B-4347-BF40-55DA64B23451}"
EndProject
Project("{FAE04EC0-301F-11D3-BF4B-00C04F79EFBC}") = "GoodsReseller.Configurations", "src\GoodsReseller.Configurations\GoodsReseller.Configurations.csproj", "{16BB4A7E-6B91-4D7F-8669-0266BC6329BF}"
EndProject
Project("{FAE04EC0-301F-11D3-BF4B-00C04F79EFBC}") = "GoodsReseller.UnitTests", "src\GoodsReseller.UnitTests\GoodsReseller.UnitTests.csproj", "{84E66D11-0902-4B0E-BCB5-F5A175D642AA}"
EndProject
Global
	GlobalSection(SolutionConfigurationPlatforms) = preSolution
		Debug|Any CPU = Debug|Any CPU
		Release|Any CPU = Release|Any CPU
	EndGlobalSection
	GlobalSection(ProjectConfigurationPlatforms) = postSolution
		{ADA76D08-98DF-4511-B7AA-CD9C1D924476}.Debug|Any CPU.ActiveCfg = Debug|Any CPU
		{ADA76D08-98DF-4511-B7AA-CD9C1D924476}.Debug|Any CPU.Build.0 = Debug|Any CPU
		{ADA76D08-98DF-4511-B7AA-CD9C1D924476}.Release|Any CPU.ActiveCfg = Release|Any CPU
		{ADA76D08-98DF-4511-B7AA-CD9C1D924476}.Release|Any CPU.Build.0 = Release|Any CPU
		{69E19996-6ACB-4903-BC03-6C6BD7AF96BC}.Debug|Any CPU.ActiveCfg = Debug|Any CPU
		{69E19996-6ACB-4903-BC03-6C6BD7AF96BC}.Debug|Any CPU.Build.0 = Debug|Any CPU
		{69E19996-6ACB-4903-BC03-6C6BD7AF96BC}.Release|Any CPU.ActiveCfg = Release|Any CPU
		{69E19996-6ACB-4903-BC03-6C6BD7AF96BC}.Release|Any CPU.Build.0 = Release|Any CPU
		{98B61A46-5021-454E-86B9-65A1C28A6764}.Debug|Any CPU.ActiveCfg = Debug|Any CPU
		{98B61A46-5021-454E-86B9-65A1C28A6764}.Debug|Any CPU.Build.0 = Debug|Any CPU
		{98B61A46-5021-454E-86B9-65A1C28A6764}.Release|Any CPU.ActiveCfg = Release|Any CPU
		{98B61A46-5021-454E-86B9-65A1C28A6764}.Release|Any CPU.Build.0 = Release|Any CPU
		{85C7A0E5-7F44-418C-BC15-EA1C33C0EB5B}.Debug|Any CPU.ActiveCfg = Debug|Any CPU
		{85C7A0E5-7F44-418C-BC15-EA1C33C0EB5B}.Debug|Any CPU.Build.0 = Debug|Any CPU
		{85C7A0E5-7F44-418C-BC15-EA1C33C0EB5B}.Release|Any CPU.ActiveCfg = Release|Any CPU
		{85C7A0E5-7F44-418C-BC15-EA1C33C0EB5B}.Release|Any CPU.Build.0 = Release|Any CPU
		{42B3C317-1678-4229-B2D0-C3E89E1FA4D2}.Debug|Any CPU.ActiveCfg = Debug|Any CPU
		{42B3C317-1678-4229-B2D0-C3E89E1FA4D2}.Debug|Any CPU.Build.0 = Debug|Any CPU
		{42B3C317-1678-4229-B2D0-C3E89E1FA4D2}.Release|Any CPU.ActiveCfg = Release|Any CPU
		{42B3C317-1678-4229-B2D0-C3E89E1FA4D2}.Release|Any CPU.Build.0 = Release|Any CPU
		{46228A88-CC6E-4428-B4EB-F04D09DECD2F}.Debug|Any CPU.ActiveCfg = Debug|Any CPU
		{46228A88-CC6E-4428-B4EB-F04D09DECD2F}.Debug|Any CPU.Build.0 = Debug|Any CPU
		{46228A88-CC6E-4428-B4EB-F04D09DECD2F}.Release|Any CPU.ActiveCfg = Release|Any CPU
		{46228A88-CC6E-4428-B4EB-F04D09DECD2F}.Release|Any CPU.Build.0 = Release|Any CPU
		{24CA069E-81D5-4E87-B182-71AE463C6787}.Debug|Any CPU.ActiveCfg = Debug|Any CPU
		{24CA069E-81D5-4E87-B182-71AE463C6787}.Debug|Any CPU.Build.0 = Debug|Any CPU
		{24CA069E-81D5-4E87-B182-71AE463C6787}.Release|Any CPU.ActiveCfg = Release|Any CPU
		{24CA069E-81D5-4E87-B182-71AE463C6787}.Release|Any CPU.Build.0 = Release|Any CPU
		{4464FDB3-478F-42EE-95AA-137E67DF1FF2}.Debug|Any CPU.ActiveCfg = Debug|Any CPU
		{4464FDB3-478F-42EE-95AA-137E67DF1FF2}.Debug|Any CPU.Build.0 = Debug|Any CPU
		{4464FDB3-478F-42EE-95AA-137E67DF1FF2}.Release|Any CPU.ActiveCfg = Release|Any CPU
		{4464FDB3-478F-42EE-95AA-137E67DF1FF2}.Release|Any CPU.Build.0 = Release|Any CPU
		{5C1913E6-4E28-4FCD-9F30-D079BFA769EC}.Debug|Any CPU.ActiveCfg = Debug|Any CPU
		{5C1913E6-4E28-4FCD-9F30-D079BFA769EC}.Debug|Any CPU.Build.0 = Debug|Any CPU
		{5C1913E6-4E28-4FCD-9F30-D079BFA769EC}.Release|Any CPU.ActiveCfg = Release|Any CPU
		{5C1913E6-4E28-4FCD-9F30-D079BFA769EC}.Release|Any CPU.Build.0 = Release|Any CPU
		{4F25AD7B-0D34-45B4-8008-1C3BDDD5C19A}.Debug|Any CPU.ActiveCfg = Debug|Any CPU
		{4F25AD7B-0D34-45B4-8008-1C3BDDD5C19A}.Debug|Any CPU.Build.0 = Debug|Any CPU
		{4F25AD7B-0D34-45B4-8008-1C3BDDD5C19A}.Release|Any CPU.ActiveCfg = Release|Any CPU
		{4F25AD7B-0D34-45B4-8008-1C3BDDD5C19A}.Release|Any CPU.Build.0 = Release|Any CPU
		{B8D641DA-AD4D-495E-BB0B-AA859C92FDB0}.Debug|Any CPU.ActiveCfg = Debug|Any CPU
		{B8D641DA-AD4D-495E-BB0B-AA859C92FDB0}.Debug|Any CPU.Build.0 = Debug|Any CPU
		{B8D641DA-AD4D-495E-BB0B-AA859C92FDB0}.Release|Any CPU.ActiveCfg = Release|Any CPU
		{B8D641DA-AD4D-495E-BB0B-AA859C92FDB0}.Release|Any CPU.Build.0 = Release|Any CPU
		{CD6B591B-037B-489B-B475-901AB360A8D4}.Debug|Any CPU.ActiveCfg = Debug|Any CPU
		{CD6B591B-037B-489B-B475-901AB360A8D4}.Debug|Any CPU.Build.0 = Debug|Any CPU
		{CD6B591B-037B-489B-B475-901AB360A8D4}.Release|Any CPU.ActiveCfg = Release|Any CPU
		{CD6B591B-037B-489B-B475-901AB360A8D4}.Release|Any CPU.Build.0 = Release|Any CPU
		{749EFAA4-FAC8-4261-B2A8-60AE2CBAC6CE}.Debug|Any CPU.ActiveCfg = Debug|Any CPU
		{749EFAA4-FAC8-4261-B2A8-60AE2CBAC6CE}.Debug|Any CPU.Build.0 = Debug|Any CPU
		{749EFAA4-FAC8-4261-B2A8-60AE2CBAC6CE}.Release|Any CPU.ActiveCfg = Release|Any CPU
		{749EFAA4-FAC8-4261-B2A8-60AE2CBAC6CE}.Release|Any CPU.Build.0 = Release|Any CPU
		{276D95A1-F6A1-42D6-9B34-A047269FEC91}.Debug|Any CPU.ActiveCfg = Debug|Any CPU
		{276D95A1-F6A1-42D6-9B34-A047269FEC91}.Debug|Any CPU.Build.0 = Debug|Any CPU
		{276D95A1-F6A1-42D6-9B34-A047269FEC91}.Release|Any CPU.ActiveCfg = Release|Any CPU
		{276D95A1-F6A1-42D6-9B34-A047269FEC91}.Release|Any CPU.Build.0 = Release|Any CPU
		{80FFF821-AE8B-45BE-8AA0-4F065503ED82}.Debug|Any CPU.ActiveCfg = Debug|Any CPU
		{80FFF821-AE8B-45BE-8AA0-4F065503ED82}.Debug|Any CPU.Build.0 = Debug|Any CPU
		{80FFF821-AE8B-45BE-8AA0-4F065503ED82}.Release|Any CPU.ActiveCfg = Release|Any CPU
		{80FFF821-AE8B-45BE-8AA0-4F065503ED82}.Release|Any CPU.Build.0 = Release|Any CPU
		{72AB1655-E9A7-4A07-B212-C17FDA5680C8}.Debug|Any CPU.ActiveCfg = Debug|Any CPU
		{72AB1655-E9A7-4A07-B212-C17FDA5680C8}.Debug|Any CPU.Build.0 = Debug|Any CPU
		{72AB1655-E9A7-4A07-B212-C17FDA5680C8}.Release|Any CPU.ActiveCfg = Release|Any CPU
		{72AB1655-E9A7-4A07-B212-C17FDA5680C8}.Release|Any CPU.Build.0 = Release|Any CPU
		{6755417C-824B-4347-BF40-55DA64B23451}.Debug|Any CPU.ActiveCfg = Debug|Any CPU
		{6755417C-824B-4347-BF40-55DA64B23451}.Debug|Any CPU.Build.0 = Debug|Any CPU
		{6755417C-824B-4347-BF40-55DA64B23451}.Release|Any CPU.ActiveCfg = Release|Any CPU
		{6755417C-824B-4347-BF40-55DA64B23451}.Release|Any CPU.Build.0 = Release|Any CPU
		{16BB4A7E-6B91-4D7F-8669-0266BC6329BF}.Debug|Any CPU.ActiveCfg = Debug|Any CPU
		{16BB4A7E-6B91-4D7F-8669-0266BC6329BF}.Debug|Any CPU.Build.0 = Debug|Any CPU
		{16BB4A7E-6B91-4D7F-8669-0266BC6329BF}.Release|Any CPU.ActiveCfg = Release|Any CPU
		{16BB4A7E-6B91-4D7F-8669-0266BC6329BF}.Release|Any CPU.Build.0 = Release|Any CPU
		{84E66D11-0902-4B0E-BCB5-F5A175D642AA}.Debug|Any CPU.ActiveCfg = Debug|Any CPU
		{84E66D11-0902-4B0E-BCB5-F5A175D642AA}.Debug|Any CPU.Build.0 = Debug|Any CPU
		{84E66D11-0902-4B0E-BCB5-F5A175D642AA}.Release|Any CPU.ActiveCfg = Release|Any CPU
		{84E66D11-0902-4B0E-BCB5-F5A175D642AA}.Release|Any CPU.Build.0 = Release|Any CPU
	EndGlobalSection
	GlobalSection(NestedProjects) = preSolution
		{ADA76D08-98DF-4511-B7AA-CD9C1D924476} = {96014E1D-D6FA-4A9D-AB4A-834B900FFCA1}
		{69E19996-6ACB-4903-BC03-6C6BD7AF96BC} = {96014E1D-D6FA-4A9D-AB4A-834B900FFCA1}
		{98B61A46-5021-454E-86B9-65A1C28A6764} = {96014E1D-D6FA-4A9D-AB4A-834B900FFCA1}
		{85C7A0E5-7F44-418C-BC15-EA1C33C0EB5B} = {96014E1D-D6FA-4A9D-AB4A-834B900FFCA1}
		{42B3C317-1678-4229-B2D0-C3E89E1FA4D2} = {96014E1D-D6FA-4A9D-AB4A-834B900FFCA1}
		{46228A88-CC6E-4428-B4EB-F04D09DECD2F} = {96014E1D-D6FA-4A9D-AB4A-834B900FFCA1}
		{24CA069E-81D5-4E87-B182-71AE463C6787} = {96014E1D-D6FA-4A9D-AB4A-834B900FFCA1}
		{4464FDB3-478F-42EE-95AA-137E67DF1FF2} = {96014E1D-D6FA-4A9D-AB4A-834B900FFCA1}
		{5C1913E6-4E28-4FCD-9F30-D079BFA769EC} = {96014E1D-D6FA-4A9D-AB4A-834B900FFCA1}
		{4F25AD7B-0D34-45B4-8008-1C3BDDD5C19A} = {96014E1D-D6FA-4A9D-AB4A-834B900FFCA1}
		{B8D641DA-AD4D-495E-BB0B-AA859C92FDB0} = {96014E1D-D6FA-4A9D-AB4A-834B900FFCA1}
		{CD6B591B-037B-489B-B475-901AB360A8D4} = {96014E1D-D6FA-4A9D-AB4A-834B900FFCA1}
		{749EFAA4-FAC8-4261-B2A8-60AE2CBAC6CE} = {96014E1D-D6FA-4A9D-AB4A-834B900FFCA1}
		{276D95A1-F6A1-42D6-9B34-A047269FEC91} = {96014E1D-D6FA-4A9D-AB4A-834B900FFCA1}
		{80FFF821-AE8B-45BE-8AA0-4F065503ED82} = {96014E1D-D6FA-4A9D-AB4A-834B900FFCA1}
		{72AB1655-E9A7-4A07-B212-C17FDA5680C8} = {96014E1D-D6FA-4A9D-AB4A-834B900FFCA1}
		{6755417C-824B-4347-BF40-55DA64B23451} = {96014E1D-D6FA-4A9D-AB4A-834B900FFCA1}
		{16BB4A7E-6B91-4D7F-8669-0266BC6329BF} = {96014E1D-D6FA-4A9D-AB4A-834B900FFCA1}
		{84E66D11-0902-4B0E-BCB5-F5A175D642AA} = {96014E1D-D6FA-4A9D-AB4A-834B900FFCA1}
	EndGlobalSection
EndGlobal
