
Microsoft Visual Studio Solution File, Format Version 12.00
Project("{FAE04EC0-301F-11D3-BF4B-00C04F79EFBC}") = "GoodsReseller.Api", "GoodsReseller.Api\GoodsReseller.Api.csproj", "{9311245C-BB62-4D3C-B1CD-D994773F4310}"
EndProject
Project("{FAE04EC0-301F-11D3-BF4B-00C04F79EFBC}") = "GoodsReseller.OrderContext.Domain", "GoodsReseller.OrderContext.Domain\GoodsReseller.OrderContext.Domain.csproj", "{E79ACC61-3EEB-4F4D-8DA7-FA6BD3370545}"
EndProject
Project("{FAE04EC0-301F-11D3-BF4B-00C04F79EFBC}") = "GoodsReseller.OrderContext.Tests", "GoodsReseller.OrderContext.Tests\GoodsReseller.OrderContext.Tests.csproj", "{7E9DF53D-5601-4217-8131-C878DF74767E}"
EndProject
Project("{FAE04EC0-301F-11D3-BF4B-00C04F79EFBC}") = "GoodsReseller.SeedWork", "GoodsReseller.SeedWork\GoodsReseller.SeedWork.csproj", "{883EB053-E8DF-49CB-BFE1-1A8B403A0383}"
EndProject
Project("{FAE04EC0-301F-11D3-BF4B-00C04F79EFBC}") = "GoodsReseller.DataCatalogContext.Contracts", "GoodsReseller.DataCatalogContext.Contracts\GoodsReseller.DataCatalogContext.Contracts.csproj", "{049858FA-80A4-44F7-9FB3-D62493DD9779}"
EndProject
Project("{FAE04EC0-301F-11D3-BF4B-00C04F79EFBC}") = "GoodsReseller.OrderContext.Handlers", "GoodsReseller.OrderContext.Handlers\GoodsReseller.OrderContext.Handlers.csproj", "{B930EA44-42F3-41F6-9088-5432B507506B}"
EndProject
Project("{FAE04EC0-301F-11D3-BF4B-00C04F79EFBC}") = "GoodsReseller.OrderContext.Contracts", "GoodsReseller.OrderContext.Contracts\GoodsReseller.OrderContext.Contracts.csproj", "{7825950E-E8F7-4463-A28F-E3AF381148F2}"
EndProject
Project("{FAE04EC0-301F-11D3-BF4B-00C04F79EFBC}") = "GoodsReseller.Infrastructure", "GoodsReseller.Infrastructure\GoodsReseller.Infrastructure.csproj", "{928A0CF2-9916-4051-997D-C2E4F6290A9D}"
EndProject
Project("{FAE04EC0-301F-11D3-BF4B-00C04F79EFBC}") = "GoodsReseller.DataCatalogContext.Handlers", "GoodsReseller.DataCatalogContext.Handlers\GoodsReseller.DataCatalogContext.Handlers.csproj", "{9E7E6579-90CF-4470-8D60-26556A15438E}"
EndProject
Project("{FAE04EC0-301F-11D3-BF4B-00C04F79EFBC}") = "GoodsReseller.DataCatalogContext.Models", "GoodsReseller.DataCatalogContext.Models\GoodsReseller.DataCatalogContext.Models.csproj", "{68D7F17A-10D3-4CA7-AF3A-E228F92A3FAC}"
EndProject
Project("{FAE04EC0-301F-11D3-BF4B-00C04F79EFBC}") = "GoodsReseller.AuthContext.Contracts", "GoodsReseller.AuthContext.Contracts\GoodsReseller.AuthContext.Contracts.csproj", "{2861E15E-5433-4AAC-BAEC-E8C89524918B}"
EndProject
Project("{FAE04EC0-301F-11D3-BF4B-00C04F79EFBC}") = "GoodsReseller.AuthContext.Handlers", "GoodsReseller.AuthContext.Handlers\GoodsReseller.AuthContext.Handlers.csproj", "{18410CD4-6542-4932-91BE-F70C167EEFCE}"
EndProject
Project("{FAE04EC0-301F-11D3-BF4B-00C04F79EFBC}") = "GoodsReseller.AuthContext.Domain", "GoodsReseller.AuthContext.Domain\GoodsReseller.AuthContext.Domain.csproj", "{CDE4C25D-5651-4FFD-AE9C-0CE0457E03BF}"
EndProject
Global
	GlobalSection(SolutionConfigurationPlatforms) = preSolution
		Debug|Any CPU = Debug|Any CPU
		Release|Any CPU = Release|Any CPU
	EndGlobalSection
	GlobalSection(ProjectConfigurationPlatforms) = postSolution
		{9311245C-BB62-4D3C-B1CD-D994773F4310}.Debug|Any CPU.ActiveCfg = Debug|Any CPU
		{9311245C-BB62-4D3C-B1CD-D994773F4310}.Debug|Any CPU.Build.0 = Debug|Any CPU
		{9311245C-BB62-4D3C-B1CD-D994773F4310}.Release|Any CPU.ActiveCfg = Release|Any CPU
		{9311245C-BB62-4D3C-B1CD-D994773F4310}.Release|Any CPU.Build.0 = Release|Any CPU
		{E79ACC61-3EEB-4F4D-8DA7-FA6BD3370545}.Debug|Any CPU.ActiveCfg = Debug|Any CPU
		{E79ACC61-3EEB-4F4D-8DA7-FA6BD3370545}.Debug|Any CPU.Build.0 = Debug|Any CPU
		{E79ACC61-3EEB-4F4D-8DA7-FA6BD3370545}.Release|Any CPU.ActiveCfg = Release|Any CPU
		{E79ACC61-3EEB-4F4D-8DA7-FA6BD3370545}.Release|Any CPU.Build.0 = Release|Any CPU
		{7E9DF53D-5601-4217-8131-C878DF74767E}.Debug|Any CPU.ActiveCfg = Debug|Any CPU
		{7E9DF53D-5601-4217-8131-C878DF74767E}.Debug|Any CPU.Build.0 = Debug|Any CPU
		{7E9DF53D-5601-4217-8131-C878DF74767E}.Release|Any CPU.ActiveCfg = Release|Any CPU
		{7E9DF53D-5601-4217-8131-C878DF74767E}.Release|Any CPU.Build.0 = Release|Any CPU
		{883EB053-E8DF-49CB-BFE1-1A8B403A0383}.Debug|Any CPU.ActiveCfg = Debug|Any CPU
		{883EB053-E8DF-49CB-BFE1-1A8B403A0383}.Debug|Any CPU.Build.0 = Debug|Any CPU
		{883EB053-E8DF-49CB-BFE1-1A8B403A0383}.Release|Any CPU.ActiveCfg = Release|Any CPU
		{883EB053-E8DF-49CB-BFE1-1A8B403A0383}.Release|Any CPU.Build.0 = Release|Any CPU
		{049858FA-80A4-44F7-9FB3-D62493DD9779}.Debug|Any CPU.ActiveCfg = Debug|Any CPU
		{049858FA-80A4-44F7-9FB3-D62493DD9779}.Debug|Any CPU.Build.0 = Debug|Any CPU
		{049858FA-80A4-44F7-9FB3-D62493DD9779}.Release|Any CPU.ActiveCfg = Release|Any CPU
		{049858FA-80A4-44F7-9FB3-D62493DD9779}.Release|Any CPU.Build.0 = Release|Any CPU
		{B930EA44-42F3-41F6-9088-5432B507506B}.Debug|Any CPU.ActiveCfg = Debug|Any CPU
		{B930EA44-42F3-41F6-9088-5432B507506B}.Debug|Any CPU.Build.0 = Debug|Any CPU
		{B930EA44-42F3-41F6-9088-5432B507506B}.Release|Any CPU.ActiveCfg = Release|Any CPU
		{B930EA44-42F3-41F6-9088-5432B507506B}.Release|Any CPU.Build.0 = Release|Any CPU
		{7825950E-E8F7-4463-A28F-E3AF381148F2}.Debug|Any CPU.ActiveCfg = Debug|Any CPU
		{7825950E-E8F7-4463-A28F-E3AF381148F2}.Debug|Any CPU.Build.0 = Debug|Any CPU
		{7825950E-E8F7-4463-A28F-E3AF381148F2}.Release|Any CPU.ActiveCfg = Release|Any CPU
		{7825950E-E8F7-4463-A28F-E3AF381148F2}.Release|Any CPU.Build.0 = Release|Any CPU
		{928A0CF2-9916-4051-997D-C2E4F6290A9D}.Debug|Any CPU.ActiveCfg = Debug|Any CPU
		{928A0CF2-9916-4051-997D-C2E4F6290A9D}.Debug|Any CPU.Build.0 = Debug|Any CPU
		{928A0CF2-9916-4051-997D-C2E4F6290A9D}.Release|Any CPU.ActiveCfg = Release|Any CPU
		{928A0CF2-9916-4051-997D-C2E4F6290A9D}.Release|Any CPU.Build.0 = Release|Any CPU
		{9E7E6579-90CF-4470-8D60-26556A15438E}.Debug|Any CPU.ActiveCfg = Debug|Any CPU
		{9E7E6579-90CF-4470-8D60-26556A15438E}.Debug|Any CPU.Build.0 = Debug|Any CPU
		{9E7E6579-90CF-4470-8D60-26556A15438E}.Release|Any CPU.ActiveCfg = Release|Any CPU
		{9E7E6579-90CF-4470-8D60-26556A15438E}.Release|Any CPU.Build.0 = Release|Any CPU
		{68D7F17A-10D3-4CA7-AF3A-E228F92A3FAC}.Debug|Any CPU.ActiveCfg = Debug|Any CPU
		{68D7F17A-10D3-4CA7-AF3A-E228F92A3FAC}.Debug|Any CPU.Build.0 = Debug|Any CPU
		{68D7F17A-10D3-4CA7-AF3A-E228F92A3FAC}.Release|Any CPU.ActiveCfg = Release|Any CPU
		{68D7F17A-10D3-4CA7-AF3A-E228F92A3FAC}.Release|Any CPU.Build.0 = Release|Any CPU
		{2861E15E-5433-4AAC-BAEC-E8C89524918B}.Debug|Any CPU.ActiveCfg = Debug|Any CPU
		{2861E15E-5433-4AAC-BAEC-E8C89524918B}.Debug|Any CPU.Build.0 = Debug|Any CPU
		{2861E15E-5433-4AAC-BAEC-E8C89524918B}.Release|Any CPU.ActiveCfg = Release|Any CPU
		{2861E15E-5433-4AAC-BAEC-E8C89524918B}.Release|Any CPU.Build.0 = Release|Any CPU
		{18410CD4-6542-4932-91BE-F70C167EEFCE}.Debug|Any CPU.ActiveCfg = Debug|Any CPU
		{18410CD4-6542-4932-91BE-F70C167EEFCE}.Debug|Any CPU.Build.0 = Debug|Any CPU
		{18410CD4-6542-4932-91BE-F70C167EEFCE}.Release|Any CPU.ActiveCfg = Release|Any CPU
		{18410CD4-6542-4932-91BE-F70C167EEFCE}.Release|Any CPU.Build.0 = Release|Any CPU
		{CDE4C25D-5651-4FFD-AE9C-0CE0457E03BF}.Debug|Any CPU.ActiveCfg = Debug|Any CPU
		{CDE4C25D-5651-4FFD-AE9C-0CE0457E03BF}.Debug|Any CPU.Build.0 = Debug|Any CPU
		{CDE4C25D-5651-4FFD-AE9C-0CE0457E03BF}.Release|Any CPU.ActiveCfg = Release|Any CPU
		{CDE4C25D-5651-4FFD-AE9C-0CE0457E03BF}.Release|Any CPU.Build.0 = Release|Any CPU
	EndGlobalSection
EndGlobal
